
Microsoft Visual Studio Solution File, Format Version 12.00
# Visual Studio Version 17
VisualStudioVersion = 17.2.32526.322
MinimumVisualStudioVersion = 10.0.40219.1
Project("{9A19103F-16F7-4668-BE54-9A1E7A4F7556}") = "CompanySpy.Api", "CompanySpy\CompanySpy.Api.csproj", "{F36D78D6-1B51-413A-A46D-241C3872A41D}"
EndProject
Global
	GlobalSection(SolutionConfigurationPlatforms) = preSolution
		Debug|Any CPU = Debug|Any CPU
		Release|Any CPU = Release|Any CPU
	EndGlobalSection
	GlobalSection(ProjectConfigurationPlatforms) = postSolution
		{F36D78D6-1B51-413A-A46D-241C3872A41D}.Debug|Any CPU.ActiveCfg = Debug|Any CPU
		{F36D78D6-1B51-413A-A46D-241C3872A41D}.Debug|Any CPU.Build.0 = Debug|Any CPU
		{F36D78D6-1B51-413A-A46D-241C3872A41D}.Release|Any CPU.ActiveCfg = Release|Any CPU
		{F36D78D6-1B51-413A-A46D-241C3872A41D}.Release|Any CPU.Build.0 = Release|Any CPU
	EndGlobalSection
	GlobalSection(SolutionProperties) = preSolution
		HideSolutionNode = FALSE
	EndGlobalSection
	GlobalSection(ExtensibilityGlobals) = postSolution
		SolutionGuid = {CDF86761-79B0-4727-B29A-23A23EE75929}
	EndGlobalSection
EndGlobal
